
Microsoft Visual Studio Solution File, Format Version 12.00
# Visual Studio Version 17
VisualStudioVersion = 17.5.33627.172
MinimumVisualStudioVersion = 10.0.40219.1
Project("{FAE04EC0-301F-11D3-BF4B-00C04F79EFBC}") = "KoreanCVVCPlusPhonemizer", "KoreanCVVCPlusPhonemizer\KoreanCVVCPlusPhonemizer.csproj", "{D6752FA4-5E3F-4762-8EA2-809C87C0BC88}"
EndProject
Global
	GlobalSection(SolutionConfigurationPlatforms) = preSolution
		Debug|Any CPU = Debug|Any CPU
		Release|Any CPU = Release|Any CPU
	EndGlobalSection
	GlobalSection(ProjectConfigurationPlatforms) = postSolution
		{D6752FA4-5E3F-4762-8EA2-809C87C0BC88}.Debug|Any CPU.ActiveCfg = Debug|Any CPU
		{D6752FA4-5E3F-4762-8EA2-809C87C0BC88}.Debug|Any CPU.Build.0 = Debug|Any CPU
		{D6752FA4-5E3F-4762-8EA2-809C87C0BC88}.Release|Any CPU.ActiveCfg = Release|Any CPU
		{D6752FA4-5E3F-4762-8EA2-809C87C0BC88}.Release|Any CPU.Build.0 = Release|Any CPU
	EndGlobalSection
	GlobalSection(SolutionProperties) = preSolution
		HideSolutionNode = FALSE
	EndGlobalSection
	GlobalSection(ExtensibilityGlobals) = postSolution
		SolutionGuid = {2A4C3D0E-1AA5-4352-9D33-E4C877B0C9CE}
	EndGlobalSection
EndGlobal
